// !$*UTF8*$!
{
	archiveVersion = 1;
	classes = {
	};
	objectVersion = 60;
	objects = {

/* Begin PBXBuildFile section */
		D307A8812C76039D00BB00FB /* GoogleService-Info.plist in Resources */ = {isa = PBXBuildFile; fileRef = D307A8802C76039D00BB00FB /* GoogleService-Info.plist */; };
		D307A8842C76055F00BB00FB /* FirebaseAnalyticsWithoutAdIdSupport in Frameworks */ = {isa = PBXBuildFile; productRef = D307A8832C76055F00BB00FB /* FirebaseAnalyticsWithoutAdIdSupport */; };
		D307A8862C76055F00BB00FB /* FirebaseAppCheck in Frameworks */ = {isa = PBXBuildFile; productRef = D307A8852C76055F00BB00FB /* FirebaseAppCheck */; };
		D307A8882C76055F00BB00FB /* FirebaseAuth in Frameworks */ = {isa = PBXBuildFile; productRef = D307A8872C76055F00BB00FB /* FirebaseAuth */; };
		D307A88A2C76055F00BB00FB /* FirebaseCrashlytics in Frameworks */ = {isa = PBXBuildFile; productRef = D307A8892C76055F00BB00FB /* FirebaseCrashlytics */; };
		D307A88C2C76055F00BB00FB /* FirebaseDynamicLinks in Frameworks */ = {isa = PBXBuildFile; productRef = D307A88B2C76055F00BB00FB /* FirebaseDynamicLinks */; };
		D307A88E2C76055F00BB00FB /* FirebaseFunctions in Frameworks */ = {isa = PBXBuildFile; productRef = D307A88D2C76055F00BB00FB /* FirebaseFunctions */; };
		D307A8902C76055F00BB00FB /* FirebasePerformance in Frameworks */ = {isa = PBXBuildFile; productRef = D307A88F2C76055F00BB00FB /* FirebasePerformance */; };
		D307A8932C760F8E00BB00FB /* AppearanceSettingsView.swift in Sources */ = {isa = PBXBuildFile; fileRef = D307A8922C760F8E00BB00FB /* AppearanceSettingsView.swift */; };
		D34BEECB2C723BC6008F9A4C /* OPassApp.swift in Sources */ = {isa = PBXBuildFile; fileRef = D34BEECA2C723BC6008F9A4C /* OPassApp.swift */; };
		D34BEECD2C723BC6008F9A4C /* ContentView.swift in Sources */ = {isa = PBXBuildFile; fileRef = D34BEECC2C723BC6008F9A4C /* ContentView.swift */; };
		D34BEECF2C723BC7008F9A4C /* Assets.xcassets in Resources */ = {isa = PBXBuildFile; fileRef = D34BEECE2C723BC7008F9A4C /* Assets.xcassets */; };
		D39AC9D92C7B388C00084689 /* Shared+Extension.swift in Sources */ = {isa = PBXBuildFile; fileRef = D39AC9D82C7B388C00084689 /* Shared+Extension.swift */; };
		D39AC9DC2C7B395D00084689 /* SelectEventView.swift in Sources */ = {isa = PBXBuildFile; fileRef = D39AC9DB2C7B395D00084689 /* SelectEventView.swift */; };
		D39AC9DE2C7B398E00084689 /* SelectEventViewModel.swift in Sources */ = {isa = PBXBuildFile; fileRef = D39AC9DD2C7B398E00084689 /* SelectEventViewModel.swift */; };
		D3B1E7802C774623002DBA07 /* SafariView.swift in Sources */ = {isa = PBXBuildFile; fileRef = D3B1E77F2C774623002DBA07 /* SafariView.swift */; };
		D3B1E7822C775E7C002DBA07 /* CenterLabelStyle.swift in Sources */ = {isa = PBXBuildFile; fileRef = D3B1E7812C775E7C002DBA07 /* CenterLabelStyle.swift */; };
		D3C397FE2C73A079002FFD42 /* Localizable.xcstrings in Resources */ = {isa = PBXBuildFile; fileRef = D3C397FD2C73A079002FFD42 /* Localizable.xcstrings */; };
		D3C398082C73A190002FFD42 /* NotificationService.swift in Sources */ = {isa = PBXBuildFile; fileRef = D3C398072C73A190002FFD42 /* NotificationService.swift */; };
		D3C3980C2C73A190002FFD42 /* OneSignalNotificationServiceExtension.appex in Embed Foundation Extensions */ = {isa = PBXBuildFile; fileRef = D3C398052C73A190002FFD42 /* OneSignalNotificationServiceExtension.appex */; settings = {ATTRIBUTES = (RemoveHeadersOnCopy, ); }; };
		D3C398142C73A327002FFD42 /* OneSignalExtension in Frameworks */ = {isa = PBXBuildFile; productRef = D3C398132C73A327002FFD42 /* OneSignalExtension */; };
		D3C398162C73A327002FFD42 /* OneSignalFramework in Frameworks */ = {isa = PBXBuildFile; productRef = D3C398152C73A327002FFD42 /* OneSignalFramework */; };
		D3C398182C73A327002FFD42 /* OneSignalInAppMessages in Frameworks */ = {isa = PBXBuildFile; productRef = D3C398172C73A327002FFD42 /* OneSignalInAppMessages */; };
		D3C3981A2C73A327002FFD42 /* OneSignalLocation in Frameworks */ = {isa = PBXBuildFile; productRef = D3C398192C73A327002FFD42 /* OneSignalLocation */; };
		D3D1B8A02C7475A00075A747 /* SettingsView.swift in Sources */ = {isa = PBXBuildFile; fileRef = D3D1B89F2C7475A00075A747 /* SettingsView.swift */; };
/* End PBXBuildFile section */

/* Begin PBXContainerItemProxy section */
		D3C3980A2C73A190002FFD42 /* PBXContainerItemProxy */ = {
			isa = PBXContainerItemProxy;
			containerPortal = D34BEEBF2C723BC6008F9A4C /* Project object */;
			proxyType = 1;
			remoteGlobalIDString = D3C398042C73A190002FFD42;
			remoteInfo = OneSignalNotificationServiceExtension;
		};
/* End PBXContainerItemProxy section */

/* Begin PBXCopyFilesBuildPhase section */
		D3C398102C73A190002FFD42 /* Embed Foundation Extensions */ = {
			isa = PBXCopyFilesBuildPhase;
			buildActionMask = 2147483647;
			dstPath = "";
			dstSubfolderSpec = 13;
			files = (
				D3C3980C2C73A190002FFD42 /* OneSignalNotificationServiceExtension.appex in Embed Foundation Extensions */,
			);
			name = "Embed Foundation Extensions";
			runOnlyForDeploymentPostprocessing = 0;
		};
/* End PBXCopyFilesBuildPhase section */

/* Begin PBXFileReference section */
		D307A8802C76039D00BB00FB /* GoogleService-Info.plist */ = {isa = PBXFileReference; fileEncoding = 4; lastKnownFileType = text.plist.xml; path = "GoogleService-Info.plist"; sourceTree = "<group>"; };
		D307A8922C760F8E00BB00FB /* AppearanceSettingsView.swift */ = {isa = PBXFileReference; lastKnownFileType = sourcecode.swift; path = AppearanceSettingsView.swift; sourceTree = "<group>"; };
		D34BEEC72C723BC6008F9A4C /* OPass.app */ = {isa = PBXFileReference; explicitFileType = wrapper.application; includeInIndex = 0; path = OPass.app; sourceTree = BUILT_PRODUCTS_DIR; };
		D34BEECA2C723BC6008F9A4C /* OPassApp.swift */ = {isa = PBXFileReference; lastKnownFileType = sourcecode.swift; path = OPassApp.swift; sourceTree = "<group>"; };
		D34BEECC2C723BC6008F9A4C /* ContentView.swift */ = {isa = PBXFileReference; lastKnownFileType = sourcecode.swift; path = ContentView.swift; sourceTree = "<group>"; };
		D34BEECE2C723BC7008F9A4C /* Assets.xcassets */ = {isa = PBXFileReference; lastKnownFileType = folder.assetcatalog; path = Assets.xcassets; sourceTree = "<group>"; };
		D39AC9D82C7B388C00084689 /* Shared+Extension.swift */ = {isa = PBXFileReference; lastKnownFileType = sourcecode.swift; path = "Shared+Extension.swift"; sourceTree = "<group>"; };
		D39AC9DB2C7B395D00084689 /* SelectEventView.swift */ = {isa = PBXFileReference; lastKnownFileType = sourcecode.swift; path = SelectEventView.swift; sourceTree = "<group>"; };
		D39AC9DD2C7B398E00084689 /* SelectEventViewModel.swift */ = {isa = PBXFileReference; lastKnownFileType = sourcecode.swift; path = SelectEventViewModel.swift; sourceTree = "<group>"; };
		D3B1E77F2C774623002DBA07 /* SafariView.swift */ = {isa = PBXFileReference; lastKnownFileType = sourcecode.swift; path = SafariView.swift; sourceTree = "<group>"; };
		D3B1E7812C775E7C002DBA07 /* CenterLabelStyle.swift */ = {isa = PBXFileReference; lastKnownFileType = sourcecode.swift; path = CenterLabelStyle.swift; sourceTree = "<group>"; };
		D3C397FD2C73A079002FFD42 /* Localizable.xcstrings */ = {isa = PBXFileReference; lastKnownFileType = text.json.xcstrings; path = Localizable.xcstrings; sourceTree = "<group>"; };
		D3C397FF2C73A13A002FFD42 /* OPass.entitlements */ = {isa = PBXFileReference; lastKnownFileType = text.plist.entitlements; path = OPass.entitlements; sourceTree = "<group>"; };
		D3C398002C73A14C002FFD42 /* Info.plist */ = {isa = PBXFileReference; lastKnownFileType = text.plist.xml; path = Info.plist; sourceTree = "<group>"; };
		D3C398052C73A190002FFD42 /* OneSignalNotificationServiceExtension.appex */ = {isa = PBXFileReference; explicitFileType = "wrapper.app-extension"; includeInIndex = 0; path = OneSignalNotificationServiceExtension.appex; sourceTree = BUILT_PRODUCTS_DIR; };
		D3C398072C73A190002FFD42 /* NotificationService.swift */ = {isa = PBXFileReference; lastKnownFileType = sourcecode.swift; path = NotificationService.swift; sourceTree = "<group>"; };
		D3C398092C73A190002FFD42 /* Info.plist */ = {isa = PBXFileReference; lastKnownFileType = text.plist.xml; path = Info.plist; sourceTree = "<group>"; };
		D3C398112C73A268002FFD42 /* OneSignalNotificationServiceExtension.entitlements */ = {isa = PBXFileReference; lastKnownFileType = text.plist.entitlements; path = OneSignalNotificationServiceExtension.entitlements; sourceTree = "<group>"; };
		D3D1B89F2C7475A00075A747 /* SettingsView.swift */ = {isa = PBXFileReference; lastKnownFileType = sourcecode.swift; path = SettingsView.swift; sourceTree = "<group>"; };
/* End PBXFileReference section */

/* Begin PBXFrameworksBuildPhase section */
		D34BEEC42C723BC6008F9A4C /* Frameworks */ = {
			isa = PBXFrameworksBuildPhase;
			buildActionMask = 2147483647;
			files = (
				D3C398182C73A327002FFD42 /* OneSignalInAppMessages in Frameworks */,
				D307A8882C76055F00BB00FB /* FirebaseAuth in Frameworks */,
				D307A8902C76055F00BB00FB /* FirebasePerformance in Frameworks */,
				D3C3981A2C73A327002FFD42 /* OneSignalLocation in Frameworks */,
				D307A88E2C76055F00BB00FB /* FirebaseFunctions in Frameworks */,
				D307A88C2C76055F00BB00FB /* FirebaseDynamicLinks in Frameworks */,
				D307A88A2C76055F00BB00FB /* FirebaseCrashlytics in Frameworks */,
				D3C398162C73A327002FFD42 /* OneSignalFramework in Frameworks */,
				D307A8862C76055F00BB00FB /* FirebaseAppCheck in Frameworks */,
				D307A8842C76055F00BB00FB /* FirebaseAnalyticsWithoutAdIdSupport in Frameworks */,
			);
			runOnlyForDeploymentPostprocessing = 0;
		};
		D3C398022C73A190002FFD42 /* Frameworks */ = {
			isa = PBXFrameworksBuildPhase;
			buildActionMask = 2147483647;
			files = (
				D3C398142C73A327002FFD42 /* OneSignalExtension in Frameworks */,
			);
			runOnlyForDeploymentPostprocessing = 0;
		};
/* End PBXFrameworksBuildPhase section */

/* Begin PBXGroup section */
		D307A8912C760F5100BB00FB /* Settings */ = {
			isa = PBXGroup;
			children = (
				D3D1B89F2C7475A00075A747 /* SettingsView.swift */,
				D307A8922C760F8E00BB00FB /* AppearanceSettingsView.swift */,
			);
			path = Settings;
			sourceTree = "<group>";
		};
		D34BEEBE2C723BC6008F9A4C = {
			isa = PBXGroup;
			children = (
				D34BEEC92C723BC6008F9A4C /* OPass */,
				D3E215BD2C723E0B00F7AA4A /* Supporting Files */,
				D3C398062C73A190002FFD42 /* OneSignalNotificationServiceExtension */,
				D34BEEC82C723BC6008F9A4C /* Products */,
			);
			sourceTree = "<group>";
		};
		D34BEEC82C723BC6008F9A4C /* Products */ = {
			isa = PBXGroup;
			children = (
				D34BEEC72C723BC6008F9A4C /* OPass.app */,
				D3C398052C73A190002FFD42 /* OneSignalNotificationServiceExtension.appex */,
			);
			name = Products;
			sourceTree = "<group>";
		};
		D34BEEC92C723BC6008F9A4C /* OPass */ = {
			isa = PBXGroup;
			children = (
				D34BEECA2C723BC6008F9A4C /* OPassApp.swift */,
				D34BEECC2C723BC6008F9A4C /* ContentView.swift */,
				D39AC9DA2C7B394600084689 /* SelectEvent */,
				D307A8912C760F5100BB00FB /* Settings */,
				D3B1E77E2C774609002DBA07 /* General */,
				D39AC9D72C7B384D00084689 /* Extension */,
			);
			path = OPass;
			sourceTree = "<group>";
		};
		D39AC9D72C7B384D00084689 /* Extension */ = {
			isa = PBXGroup;
			children = (
				D39AC9D82C7B388C00084689 /* Shared+Extension.swift */,
			);
			path = Extension;
			sourceTree = "<group>";
		};
		D39AC9DA2C7B394600084689 /* SelectEvent */ = {
			isa = PBXGroup;
			children = (
				D39AC9DB2C7B395D00084689 /* SelectEventView.swift */,
				D39AC9DD2C7B398E00084689 /* SelectEventViewModel.swift */,
			);
			path = SelectEvent;
			sourceTree = "<group>";
		};
		D3B1E77E2C774609002DBA07 /* General */ = {
			isa = PBXGroup;
			children = (
				D3B1E77F2C774623002DBA07 /* SafariView.swift */,
				D3B1E7812C775E7C002DBA07 /* CenterLabelStyle.swift */,
			);
			path = General;
			sourceTree = "<group>";
		};
		D3C398062C73A190002FFD42 /* OneSignalNotificationServiceExtension */ = {
			isa = PBXGroup;
			children = (
				D3C398112C73A268002FFD42 /* OneSignalNotificationServiceExtension.entitlements */,
				D3C398072C73A190002FFD42 /* NotificationService.swift */,
				D3C398092C73A190002FFD42 /* Info.plist */,
			);
			path = OneSignalNotificationServiceExtension;
			sourceTree = "<group>";
		};
		D3E215BD2C723E0B00F7AA4A /* Supporting Files */ = {
			isa = PBXGroup;
			children = (
				D3C397FF2C73A13A002FFD42 /* OPass.entitlements */,
				D3C398002C73A14C002FFD42 /* Info.plist */,
				D307A8802C76039D00BB00FB /* GoogleService-Info.plist */,
				D34BEECE2C723BC7008F9A4C /* Assets.xcassets */,
				D3C397FD2C73A079002FFD42 /* Localizable.xcstrings */,
			);
			path = "Supporting Files";
			sourceTree = "<group>";
		};
/* End PBXGroup section */

/* Begin PBXNativeTarget section */
		D34BEEC62C723BC6008F9A4C /* OPass */ = {
			isa = PBXNativeTarget;
			buildConfigurationList = D34BEED52C723BC7008F9A4C /* Build configuration list for PBXNativeTarget "OPass" */;
			buildPhases = (
				D34BEED82C723BE0008F9A4C /* ShellScript */,
				D34BEEC32C723BC6008F9A4C /* Sources */,
				D34BEEC42C723BC6008F9A4C /* Frameworks */,
				D34BEEC52C723BC6008F9A4C /* Resources */,
				D3C398102C73A190002FFD42 /* Embed Foundation Extensions */,
				D36EDF1A2C7B8A7A00E637D4 /* ShellScript */,
			);
			buildRules = (
			);
			dependencies = (
				D3C3980B2C73A190002FFD42 /* PBXTargetDependency */,
			);
			name = OPass;
			packageProductDependencies = (
				D3C398152C73A327002FFD42 /* OneSignalFramework */,
				D3C398172C73A327002FFD42 /* OneSignalInAppMessages */,
				D3C398192C73A327002FFD42 /* OneSignalLocation */,
				D307A8832C76055F00BB00FB /* FirebaseAnalyticsWithoutAdIdSupport */,
				D307A8852C76055F00BB00FB /* FirebaseAppCheck */,
				D307A8872C76055F00BB00FB /* FirebaseAuth */,
				D307A8892C76055F00BB00FB /* FirebaseCrashlytics */,
				D307A88B2C76055F00BB00FB /* FirebaseDynamicLinks */,
				D307A88D2C76055F00BB00FB /* FirebaseFunctions */,
				D307A88F2C76055F00BB00FB /* FirebasePerformance */,
			);
			productName = OPass;
			productReference = D34BEEC72C723BC6008F9A4C /* OPass.app */;
			productType = "com.apple.product-type.application";
		};
		D3C398042C73A190002FFD42 /* OneSignalNotificationServiceExtension */ = {
			isa = PBXNativeTarget;
			buildConfigurationList = D3C3980D2C73A190002FFD42 /* Build configuration list for PBXNativeTarget "OneSignalNotificationServiceExtension" */;
			buildPhases = (
				D3C398012C73A190002FFD42 /* Sources */,
				D3C398022C73A190002FFD42 /* Frameworks */,
				D3C398032C73A190002FFD42 /* Resources */,
			);
			buildRules = (
			);
			dependencies = (
			);
			name = OneSignalNotificationServiceExtension;
			packageProductDependencies = (
				D3C398132C73A327002FFD42 /* OneSignalExtension */,
			);
			productName = OneSignalNotificationServiceExtension;
			productReference = D3C398052C73A190002FFD42 /* OneSignalNotificationServiceExtension.appex */;
			productType = "com.apple.product-type.app-extension";
		};
/* End PBXNativeTarget section */

/* Begin PBXProject section */
		D34BEEBF2C723BC6008F9A4C /* Project object */ = {
			isa = PBXProject;
			attributes = {
				BuildIndependentTargetsInParallel = 1;
				LastSwiftUpdateCheck = 1540;
				LastUpgradeCheck = 1540;
				TargetAttributes = {
					D34BEEC62C723BC6008F9A4C = {
						CreatedOnToolsVersion = 15.4;
					};
					D3C398042C73A190002FFD42 = {
						CreatedOnToolsVersion = 15.4;
					};
				};
			};
			buildConfigurationList = D34BEEC22C723BC6008F9A4C /* Build configuration list for PBXProject "OPass" */;
			compatibilityVersion = "Xcode 15.0";
			developmentRegion = en;
			hasScannedForEncodings = 0;
			knownRegions = (
				en,
				Base,
				"zh-Hant",
			);
			mainGroup = D34BEEBE2C723BC6008F9A4C;
			packageReferences = (
				D3C398122C73A327002FFD42 /* XCRemoteSwiftPackageReference "OneSignal-XCFramework" */,
				D307A8822C76055F00BB00FB /* XCRemoteSwiftPackageReference "firebase-ios-sdk" */,
			);
			productRefGroup = D34BEEC82C723BC6008F9A4C /* Products */;
			projectDirPath = "";
			projectRoot = "";
			targets = (
				D34BEEC62C723BC6008F9A4C /* OPass */,
				D3C398042C73A190002FFD42 /* OneSignalNotificationServiceExtension */,
			);
		};
/* End PBXProject section */

/* Begin PBXResourcesBuildPhase section */
		D34BEEC52C723BC6008F9A4C /* Resources */ = {
			isa = PBXResourcesBuildPhase;
			buildActionMask = 2147483647;
			files = (
				D3C397FE2C73A079002FFD42 /* Localizable.xcstrings in Resources */,
				D34BEECF2C723BC7008F9A4C /* Assets.xcassets in Resources */,
				D307A8812C76039D00BB00FB /* GoogleService-Info.plist in Resources */,
			);
			runOnlyForDeploymentPostprocessing = 0;
		};
		D3C398032C73A190002FFD42 /* Resources */ = {
			isa = PBXResourcesBuildPhase;
			buildActionMask = 2147483647;
			files = (
			);
			runOnlyForDeploymentPostprocessing = 0;
		};
/* End PBXResourcesBuildPhase section */

/* Begin PBXShellScriptBuildPhase section */
		D34BEED82C723BE0008F9A4C /* ShellScript */ = {
			isa = PBXShellScriptBuildPhase;
			alwaysOutOfDate = 1;
			buildActionMask = 12;
			files = (
			);
			inputFileListPaths = (
			);
			inputPaths = (
			);
			outputFileListPaths = (
			);
			outputPaths = (
			);
			runOnlyForDeploymentPostprocessing = 0;
			shellPath = /bin/sh;
			shellScript = "cd \"$SRCROOT/..\"\n./gradlew :shared:embedAndSignAppleFrameworkForXcode\n";
		};
		D36EDF1A2C7B8A7A00E637D4 /* ShellScript */ = {
			isa = PBXShellScriptBuildPhase;
			alwaysOutOfDate = 1;
			buildActionMask = 8;
			files = (
			);
			inputFileListPaths = (
			);
			inputPaths = (
				"${DWARF_DSYM_FOLDER_PATH}/${DWARF_DSYM_FILE_NAME}",
				"${DWARF_DSYM_FOLDER_PATH}/${DWARF_DSYM_FILE_NAME}/Contents/Resources/DWARF/${PRODUCT_NAME}",
				"${DWARF_DSYM_FOLDER_PATH}/${DWARF_DSYM_FILE_NAME}/Contents/Info.plist",
				"$(TARGET_BUILD_DIR)/$(UNLOCALIZED_RESOURCES_FOLDER_PATH)/GoogleService-Info.plist",
				"$(TARGET_BUILD_DIR)/$(EXECUTABLE_PATH)",
			);
			outputFileListPaths = (
			);
			outputPaths = (
			);
			runOnlyForDeploymentPostprocessing = 1;
			shellPath = /bin/sh;
			shellScript = "${BUILD_DIR%/Build/*}/SourcePackages/checkouts/firebase-ios-sdk/Crashlytics/run\n";
		};
/* End PBXShellScriptBuildPhase section */

/* Begin PBXSourcesBuildPhase section */
		D34BEEC32C723BC6008F9A4C /* Sources */ = {
			isa = PBXSourcesBuildPhase;
			buildActionMask = 2147483647;
			files = (
				D3D1B8A02C7475A00075A747 /* SettingsView.swift in Sources */,
				D39AC9D92C7B388C00084689 /* Shared+Extension.swift in Sources */,
				D34BEECD2C723BC6008F9A4C /* ContentView.swift in Sources */,
				D39AC9DE2C7B398E00084689 /* SelectEventViewModel.swift in Sources */,
				D34BEECB2C723BC6008F9A4C /* OPassApp.swift in Sources */,
				D307A8932C760F8E00BB00FB /* AppearanceSettingsView.swift in Sources */,
				D39AC9DC2C7B395D00084689 /* SelectEventView.swift in Sources */,
				D3B1E7802C774623002DBA07 /* SafariView.swift in Sources */,
				D3B1E7822C775E7C002DBA07 /* CenterLabelStyle.swift in Sources */,
			);
			runOnlyForDeploymentPostprocessing = 0;
		};
		D3C398012C73A190002FFD42 /* Sources */ = {
			isa = PBXSourcesBuildPhase;
			buildActionMask = 2147483647;
			files = (
				D3C398082C73A190002FFD42 /* NotificationService.swift in Sources */,
			);
			runOnlyForDeploymentPostprocessing = 0;
		};
/* End PBXSourcesBuildPhase section */

/* Begin PBXTargetDependency section */
		D3C3980B2C73A190002FFD42 /* PBXTargetDependency */ = {
			isa = PBXTargetDependency;
			target = D3C398042C73A190002FFD42 /* OneSignalNotificationServiceExtension */;
			targetProxy = D3C3980A2C73A190002FFD42 /* PBXContainerItemProxy */;
		};
/* End PBXTargetDependency section */

/* Begin XCBuildConfiguration section */
		D34BEED32C723BC7008F9A4C /* Debug */ = {
			isa = XCBuildConfiguration;
			buildSettings = {
				ALWAYS_SEARCH_USER_PATHS = NO;
				ASSETCATALOG_COMPILER_GENERATE_SWIFT_ASSET_SYMBOL_EXTENSIONS = YES;
				CLANG_ANALYZER_NONNULL = YES;
				CLANG_ANALYZER_NUMBER_OBJECT_CONVERSION = YES_AGGRESSIVE;
				CLANG_CXX_LANGUAGE_STANDARD = "gnu++20";
				CLANG_ENABLE_MODULES = YES;
				CLANG_ENABLE_OBJC_ARC = YES;
				CLANG_ENABLE_OBJC_WEAK = YES;
				CLANG_WARN_BLOCK_CAPTURE_AUTORELEASING = YES;
				CLANG_WARN_BOOL_CONVERSION = YES;
				CLANG_WARN_COMMA = YES;
				CLANG_WARN_CONSTANT_CONVERSION = YES;
				CLANG_WARN_DEPRECATED_OBJC_IMPLEMENTATIONS = YES;
				CLANG_WARN_DIRECT_OBJC_ISA_USAGE = YES_ERROR;
				CLANG_WARN_DOCUMENTATION_COMMENTS = YES;
				CLANG_WARN_EMPTY_BODY = YES;
				CLANG_WARN_ENUM_CONVERSION = YES;
				CLANG_WARN_INFINITE_RECURSION = YES;
				CLANG_WARN_INT_CONVERSION = YES;
				CLANG_WARN_NON_LITERAL_NULL_CONVERSION = YES;
				CLANG_WARN_OBJC_IMPLICIT_RETAIN_SELF = YES;
				CLANG_WARN_OBJC_LITERAL_CONVERSION = YES;
				CLANG_WARN_OBJC_ROOT_CLASS = YES_ERROR;
				CLANG_WARN_QUOTED_INCLUDE_IN_FRAMEWORK_HEADER = YES;
				CLANG_WARN_RANGE_LOOP_ANALYSIS = YES;
				CLANG_WARN_STRICT_PROTOTYPES = YES;
				CLANG_WARN_SUSPICIOUS_MOVE = YES;
				CLANG_WARN_UNGUARDED_AVAILABILITY = YES_AGGRESSIVE;
				CLANG_WARN_UNREACHABLE_CODE = YES;
				CLANG_WARN__DUPLICATE_METHOD_MATCH = YES;
				COPY_PHASE_STRIP = NO;
				DEBUG_INFORMATION_FORMAT = "dwarf-with-dsym";
				ENABLE_STRICT_OBJC_MSGSEND = YES;
				ENABLE_TESTABILITY = YES;
				ENABLE_USER_SCRIPT_SANDBOXING = YES;
				GCC_C_LANGUAGE_STANDARD = gnu17;
				GCC_DYNAMIC_NO_PIC = NO;
				GCC_NO_COMMON_BLOCKS = YES;
				GCC_OPTIMIZATION_LEVEL = 0;
				GCC_PREPROCESSOR_DEFINITIONS = (
					"DEBUG=1",
					"$(inherited)",
				);
				GCC_WARN_64_TO_32_BIT_CONVERSION = YES;
				GCC_WARN_ABOUT_RETURN_TYPE = YES_ERROR;
				GCC_WARN_UNDECLARED_SELECTOR = YES;
				GCC_WARN_UNINITIALIZED_AUTOS = YES_AGGRESSIVE;
				GCC_WARN_UNUSED_FUNCTION = YES;
				GCC_WARN_UNUSED_VARIABLE = YES;
				IPHONEOS_DEPLOYMENT_TARGET = 17.5;
				LOCALIZATION_PREFERS_STRING_CATALOGS = YES;
				MTL_ENABLE_DEBUG_INFO = INCLUDE_SOURCE;
				MTL_FAST_MATH = YES;
				ONLY_ACTIVE_ARCH = YES;
				SDKROOT = iphoneos;
				SWIFT_ACTIVE_COMPILATION_CONDITIONS = "DEBUG $(inherited)";
				SWIFT_OPTIMIZATION_LEVEL = "-Onone";
			};
			name = Debug;
		};
		D34BEED42C723BC7008F9A4C /* Release */ = {
			isa = XCBuildConfiguration;
			buildSettings = {
				ALWAYS_SEARCH_USER_PATHS = NO;
				ASSETCATALOG_COMPILER_GENERATE_SWIFT_ASSET_SYMBOL_EXTENSIONS = YES;
				CLANG_ANALYZER_NONNULL = YES;
				CLANG_ANALYZER_NUMBER_OBJECT_CONVERSION = YES_AGGRESSIVE;
				CLANG_CXX_LANGUAGE_STANDARD = "gnu++20";
				CLANG_ENABLE_MODULES = YES;
				CLANG_ENABLE_OBJC_ARC = YES;
				CLANG_ENABLE_OBJC_WEAK = YES;
				CLANG_WARN_BLOCK_CAPTURE_AUTORELEASING = YES;
				CLANG_WARN_BOOL_CONVERSION = YES;
				CLANG_WARN_COMMA = YES;
				CLANG_WARN_CONSTANT_CONVERSION = YES;
				CLANG_WARN_DEPRECATED_OBJC_IMPLEMENTATIONS = YES;
				CLANG_WARN_DIRECT_OBJC_ISA_USAGE = YES_ERROR;
				CLANG_WARN_DOCUMENTATION_COMMENTS = YES;
				CLANG_WARN_EMPTY_BODY = YES;
				CLANG_WARN_ENUM_CONVERSION = YES;
				CLANG_WARN_INFINITE_RECURSION = YES;
				CLANG_WARN_INT_CONVERSION = YES;
				CLANG_WARN_NON_LITERAL_NULL_CONVERSION = YES;
				CLANG_WARN_OBJC_IMPLICIT_RETAIN_SELF = YES;
				CLANG_WARN_OBJC_LITERAL_CONVERSION = YES;
				CLANG_WARN_OBJC_ROOT_CLASS = YES_ERROR;
				CLANG_WARN_QUOTED_INCLUDE_IN_FRAMEWORK_HEADER = YES;
				CLANG_WARN_RANGE_LOOP_ANALYSIS = YES;
				CLANG_WARN_STRICT_PROTOTYPES = YES;
				CLANG_WARN_SUSPICIOUS_MOVE = YES;
				CLANG_WARN_UNGUARDED_AVAILABILITY = YES_AGGRESSIVE;
				CLANG_WARN_UNREACHABLE_CODE = YES;
				CLANG_WARN__DUPLICATE_METHOD_MATCH = YES;
				COPY_PHASE_STRIP = NO;
				DEBUG_INFORMATION_FORMAT = "dwarf-with-dsym";
				ENABLE_NS_ASSERTIONS = NO;
				ENABLE_STRICT_OBJC_MSGSEND = YES;
				ENABLE_USER_SCRIPT_SANDBOXING = YES;
				GCC_C_LANGUAGE_STANDARD = gnu17;
				GCC_NO_COMMON_BLOCKS = YES;
				GCC_WARN_64_TO_32_BIT_CONVERSION = YES;
				GCC_WARN_ABOUT_RETURN_TYPE = YES_ERROR;
				GCC_WARN_UNDECLARED_SELECTOR = YES;
				GCC_WARN_UNINITIALIZED_AUTOS = YES_AGGRESSIVE;
				GCC_WARN_UNUSED_FUNCTION = YES;
				GCC_WARN_UNUSED_VARIABLE = YES;
				IPHONEOS_DEPLOYMENT_TARGET = 17.5;
				LOCALIZATION_PREFERS_STRING_CATALOGS = YES;
				MTL_ENABLE_DEBUG_INFO = NO;
				MTL_FAST_MATH = YES;
				SDKROOT = iphoneos;
				SWIFT_COMPILATION_MODE = wholemodule;
				VALIDATE_PRODUCT = YES;
			};
			name = Release;
		};
		D34BEED62C723BC7008F9A4C /* Debug */ = {
			isa = XCBuildConfiguration;
			buildSettings = {
				ALWAYS_EMBED_SWIFT_STANDARD_LIBRARIES = YES;
				ASSETCATALOG_COMPILER_APPICON_NAME = AppIcon;
				ASSETCATALOG_COMPILER_GLOBAL_ACCENT_COLOR_NAME = AccentColor;
				CODE_SIGN_ENTITLEMENTS = "Supporting Files/OPass.entitlements";
				CODE_SIGN_STYLE = Automatic;
				CURRENT_PROJECT_VERSION = 1;
				DEVELOPMENT_ASSET_PATHS = "";
				DEVELOPMENT_TEAM = 9UZ879Y8DL;
				ENABLE_PREVIEWS = YES;
				ENABLE_USER_SCRIPT_SANDBOXING = NO;
				GENERATE_INFOPLIST_FILE = YES;
				INFOPLIST_FILE = "Supporting Files/Info.plist";
				INFOPLIST_KEY_CFBundleDisplayName = OPass;
				INFOPLIST_KEY_LSApplicationCategoryType = "public.app-category.reference";
				INFOPLIST_KEY_UIApplicationSceneManifest_Generation = YES;
				INFOPLIST_KEY_UIApplicationSupportsIndirectInputEvents = YES;
				INFOPLIST_KEY_UILaunchScreen_Generation = YES;
				INFOPLIST_KEY_UIRequiresFullScreen = YES;
				INFOPLIST_KEY_UISupportedInterfaceOrientations = UIInterfaceOrientationPortrait;
				IPHONEOS_DEPLOYMENT_TARGET = 17.0;
				LD_RUNPATH_SEARCH_PATHS = (
					"$(inherited)",
					"@executable_path/Frameworks",
				);
				MARKETING_VERSION = 5.0.0;
				PRODUCT_BUNDLE_IDENTIFIER = app.opass.ccip;
				PRODUCT_NAME = "$(TARGET_NAME)";
				SUPPORTED_PLATFORMS = "iphoneos iphonesimulator";
				SUPPORTS_MACCATALYST = NO;
				SWIFT_EMIT_LOC_STRINGS = YES;
				SWIFT_VERSION = 5.0;
				TARGETED_DEVICE_FAMILY = 1;
			};
			name = Debug;
		};
		D34BEED72C723BC7008F9A4C /* Release */ = {
			isa = XCBuildConfiguration;
			buildSettings = {
				ALWAYS_EMBED_SWIFT_STANDARD_LIBRARIES = YES;
				ASSETCATALOG_COMPILER_APPICON_NAME = AppIcon;
				ASSETCATALOG_COMPILER_GLOBAL_ACCENT_COLOR_NAME = AccentColor;
				CODE_SIGN_ENTITLEMENTS = "Supporting Files/OPass.entitlements";
				CODE_SIGN_STYLE = Automatic;
				CURRENT_PROJECT_VERSION = 1;
				DEVELOPMENT_ASSET_PATHS = "";
				DEVELOPMENT_TEAM = 9UZ879Y8DL;
				ENABLE_PREVIEWS = YES;
				ENABLE_USER_SCRIPT_SANDBOXING = NO;
				GENERATE_INFOPLIST_FILE = YES;
				INFOPLIST_FILE = "Supporting Files/Info.plist";
				INFOPLIST_KEY_CFBundleDisplayName = OPass;
				INFOPLIST_KEY_LSApplicationCategoryType = "public.app-category.reference";
				INFOPLIST_KEY_UIApplicationSceneManifest_Generation = YES;
				INFOPLIST_KEY_UIApplicationSupportsIndirectInputEvents = YES;
				INFOPLIST_KEY_UILaunchScreen_Generation = YES;
				INFOPLIST_KEY_UIRequiresFullScreen = YES;
				INFOPLIST_KEY_UISupportedInterfaceOrientations = UIInterfaceOrientationPortrait;
				IPHONEOS_DEPLOYMENT_TARGET = 17.0;
				LD_RUNPATH_SEARCH_PATHS = (
					"$(inherited)",
					"@executable_path/Frameworks",
				);
				MARKETING_VERSION = 5.0.0;
				PRODUCT_BUNDLE_IDENTIFIER = app.opass.ccip;
				PRODUCT_NAME = "$(TARGET_NAME)";
				SUPPORTED_PLATFORMS = "iphoneos iphonesimulator";
				SUPPORTS_MACCATALYST = NO;
				SWIFT_EMIT_LOC_STRINGS = YES;
				SWIFT_VERSION = 5.0;
				TARGETED_DEVICE_FAMILY = 1;
			};
			name = Release;
		};
		D3C3980E2C73A190002FFD42 /* Debug */ = {
			isa = XCBuildConfiguration;
			buildSettings = {
				CODE_SIGN_ENTITLEMENTS = OneSignalNotificationServiceExtension/OneSignalNotificationServiceExtension.entitlements;
				CODE_SIGN_STYLE = Automatic;
				CURRENT_PROJECT_VERSION = 1;
				DEVELOPMENT_TEAM = 9UZ879Y8DL;
				GENERATE_INFOPLIST_FILE = YES;
				INFOPLIST_FILE = OneSignalNotificationServiceExtension/Info.plist;
				INFOPLIST_KEY_CFBundleDisplayName = OneSignalNotificationServiceExtension;
				INFOPLIST_KEY_NSHumanReadableCopyright = "";
				IPHONEOS_DEPLOYMENT_TARGET = 17.0;
				LD_RUNPATH_SEARCH_PATHS = (
					"$(inherited)",
					"@executable_path/Frameworks",
					"@executable_path/../../Frameworks",
				);
				MARKETING_VERSION = 1.0;
				PRODUCT_BUNDLE_IDENTIFIER = app.opass.ccip.OneSignalNotificationServiceExtension;
				PRODUCT_NAME = "$(TARGET_NAME)";
				SKIP_INSTALL = YES;
				SUPPORTED_PLATFORMS = "iphoneos iphonesimulator";
				SUPPORTS_MACCATALYST = NO;
				SWIFT_EMIT_LOC_STRINGS = YES;
				SWIFT_VERSION = 5.0;
				TARGETED_DEVICE_FAMILY = 1;
			};
			name = Debug;
		};
		D3C3980F2C73A190002FFD42 /* Release */ = {
			isa = XCBuildConfiguration;
			buildSettings = {
				CODE_SIGN_ENTITLEMENTS = OneSignalNotificationServiceExtension/OneSignalNotificationServiceExtension.entitlements;
				CODE_SIGN_STYLE = Automatic;
				CURRENT_PROJECT_VERSION = 1;
				DEVELOPMENT_TEAM = 9UZ879Y8DL;
				GENERATE_INFOPLIST_FILE = YES;
				INFOPLIST_FILE = OneSignalNotificationServiceExtension/Info.plist;
				INFOPLIST_KEY_CFBundleDisplayName = OneSignalNotificationServiceExtension;
				INFOPLIST_KEY_NSHumanReadableCopyright = "";
				IPHONEOS_DEPLOYMENT_TARGET = 17.0;
				LD_RUNPATH_SEARCH_PATHS = (
					"$(inherited)",
					"@executable_path/Frameworks",
					"@executable_path/../../Frameworks",
				);
				MARKETING_VERSION = 1.0;
				PRODUCT_BUNDLE_IDENTIFIER = app.opass.ccip.OneSignalNotificationServiceExtension;
				PRODUCT_NAME = "$(TARGET_NAME)";
				SKIP_INSTALL = YES;
				SUPPORTED_PLATFORMS = "iphoneos iphonesimulator";
				SUPPORTS_MACCATALYST = NO;
				SWIFT_EMIT_LOC_STRINGS = YES;
				SWIFT_VERSION = 5.0;
				TARGETED_DEVICE_FAMILY = 1;
			};
			name = Release;
		};
/* End XCBuildConfiguration section */

/* Begin XCConfigurationList section */
		D34BEEC22C723BC6008F9A4C /* Build configuration list for PBXProject "OPass" */ = {
			isa = XCConfigurationList;
			buildConfigurations = (
				D34BEED32C723BC7008F9A4C /* Debug */,
				D34BEED42C723BC7008F9A4C /* Release */,
			);
			defaultConfigurationIsVisible = 0;
			defaultConfigurationName = Release;
		};
		D34BEED52C723BC7008F9A4C /* Build configuration list for PBXNativeTarget "OPass" */ = {
			isa = XCConfigurationList;
			buildConfigurations = (
				D34BEED62C723BC7008F9A4C /* Debug */,
				D34BEED72C723BC7008F9A4C /* Release */,
			);
			defaultConfigurationIsVisible = 0;
			defaultConfigurationName = Release;
		};
		D3C3980D2C73A190002FFD42 /* Build configuration list for PBXNativeTarget "OneSignalNotificationServiceExtension" */ = {
			isa = XCConfigurationList;
			buildConfigurations = (
				D3C3980E2C73A190002FFD42 /* Debug */,
				D3C3980F2C73A190002FFD42 /* Release */,
			);
			defaultConfigurationIsVisible = 0;
			defaultConfigurationName = Release;
		};
/* End XCConfigurationList section */

/* Begin XCRemoteSwiftPackageReference section */
		D307A8822C76055F00BB00FB /* XCRemoteSwiftPackageReference "firebase-ios-sdk" */ = {
			isa = XCRemoteSwiftPackageReference;
			repositoryURL = "https://github.com/firebase/firebase-ios-sdk";
			requirement = {
				kind = upToNextMajorVersion;
				minimumVersion = 11.1.0;
			};
		};
		D3C398122C73A327002FFD42 /* XCRemoteSwiftPackageReference "OneSignal-XCFramework" */ = {
			isa = XCRemoteSwiftPackageReference;
			repositoryURL = "https://github.com/OneSignal/OneSignal-XCFramework";
			requirement = {
				kind = upToNextMajorVersion;
				minimumVersion = 5.2.2;
			};
		};
/* End XCRemoteSwiftPackageReference section */

/* Begin XCSwiftPackageProductDependency section */
		D307A8832C76055F00BB00FB /* FirebaseAnalyticsWithoutAdIdSupport */ = {
			isa = XCSwiftPackageProductDependency;
			package = D307A8822C76055F00BB00FB /* XCRemoteSwiftPackageReference "firebase-ios-sdk" */;
			productName = FirebaseAnalyticsWithoutAdIdSupport;
		};
		D307A8852C76055F00BB00FB /* FirebaseAppCheck */ = {
			isa = XCSwiftPackageProductDependency;
			package = D307A8822C76055F00BB00FB /* XCRemoteSwiftPackageReference "firebase-ios-sdk" */;
			productName = FirebaseAppCheck;
		};
		D307A8872C76055F00BB00FB /* FirebaseAuth */ = {
			isa = XCSwiftPackageProductDependency;
			package = D307A8822C76055F00BB00FB /* XCRemoteSwiftPackageReference "firebase-ios-sdk" */;
			productName = FirebaseAuth;
		};
		D307A8892C76055F00BB00FB /* FirebaseCrashlytics */ = {
			isa = XCSwiftPackageProductDependency;
			package = D307A8822C76055F00BB00FB /* XCRemoteSwiftPackageReference "firebase-ios-sdk" */;
			productName = FirebaseCrashlytics;
		};
		D307A88B2C76055F00BB00FB /* FirebaseDynamicLinks */ = {
			isa = XCSwiftPackageProductDependency;
			package = D307A8822C76055F00BB00FB /* XCRemoteSwiftPackageReference "firebase-ios-sdk" */;
			productName = FirebaseDynamicLinks;
		};
		D307A88D2C76055F00BB00FB /* FirebaseFunctions */ = {
			isa = XCSwiftPackageProductDependency;
			package = D307A8822C76055F00BB00FB /* XCRemoteSwiftPackageReference "firebase-ios-sdk" */;
			productName = FirebaseFunctions;
		};
		D307A88F2C76055F00BB00FB /* FirebasePerformance */ = {
			isa = XCSwiftPackageProductDependency;
			package = D307A8822C76055F00BB00FB /* XCRemoteSwiftPackageReference "firebase-ios-sdk" */;
			productName = FirebasePerformance;
		};
		D3C398132C73A327002FFD42 /* OneSignalExtension */ = {
			isa = XCSwiftPackageProductDependency;
			package = D3C398122C73A327002FFD42 /* XCRemoteSwiftPackageReference "OneSignal-XCFramework" */;
			productName = OneSignalExtension;
		};
		D3C398152C73A327002FFD42 /* OneSignalFramework */ = {
			isa = XCSwiftPackageProductDependency;
			package = D3C398122C73A327002FFD42 /* XCRemoteSwiftPackageReference "OneSignal-XCFramework" */;
			productName = OneSignalFramework;
		};
		D3C398172C73A327002FFD42 /* OneSignalInAppMessages */ = {
			isa = XCSwiftPackageProductDependency;
			package = D3C398122C73A327002FFD42 /* XCRemoteSwiftPackageReference "OneSignal-XCFramework" */;
			productName = OneSignalInAppMessages;
		};
		D3C398192C73A327002FFD42 /* OneSignalLocation */ = {
			isa = XCSwiftPackageProductDependency;
			package = D3C398122C73A327002FFD42 /* XCRemoteSwiftPackageReference "OneSignal-XCFramework" */;
			productName = OneSignalLocation;
		};
/* End XCSwiftPackageProductDependency section */
	};
	rootObject = D34BEEBF2C723BC6008F9A4C /* Project object */;
}
